<?xml version="1.0" encoding="utf-8"?>
<Project ToolsVersion="4.0" xmlns="http://schemas.microsoft.com/developer/msbuild/2003">
  <ItemGroup>
    <ClCompile Include="..\..\src\test\main.cpp" />
    <ClCompile Include="..\..\src\test\Test1 (Window)\Test1Window.cpp">
      <Filter>Test1 %28Window%29</Filter>
    </ClCompile>
    <ClCompile Include="..\..\src\test\Test2 (Input)\Test2Input.cpp">
      <Filter>Test2 %28Input%29</Filter>
    </ClCompile>
  </ItemGroup>
  <ItemGroup>
    <Filter Include="Test1 %28Window%29">
      <UniqueIdentifier>{594de15d-5346-4cbd-a6f2-0a4ceb64b3d0}</UniqueIdentifier>
    </Filter>
    <Filter Include="Test2 %28Input%29">
      <UniqueIdentifier>{e4078f77-7a00-443d-91ae-0c53187690bb}</UniqueIdentifier>
    </Filter>
  </ItemGroup>
  <ItemGroup>
    <ClInclude Include="..\..\src\test\Test1 (Window)\Test1Window.h">
      <Filter>Test1 %28Window%29</Filter>
    </ClInclude>
    <ClInclude Include="..\..\src\test\Test2 (Input)\Test2Input.h">
      <Filter>Test2 %28Input%29</Filter>
    </ClInclude>
    <ClInclude Include="..\..\src\test\ITest.h" />
  </ItemGroup>
</Project>