<?xml version="1.0" encoding="utf-8"?>
<Project ToolsVersion="4.0" xmlns="http://schemas.microsoft.com/developer/msbuild/2003">
  <ItemGroup>
    <ClCompile Include="..\..\src\test\main.cpp" />
    <ClCompile Include="..\..\src\test\Test1 (Window)\Test1Window.cpp">
      <Filter>Test1 %28Window%29</Filter>
    </ClCompile>
    <ClCompile Include="..\..\src\test\Test2 (Input)\Test2Input.cpp">
      <Filter>Test2 %28Input%29</Filter>
    </ClCompile>
    <ClCompile Include="..\..\src\test\Test3 (GraphicsDevice)\Test3GraphicsDevice.cpp">
      <Filter>Test3 %28GraphicsDevice%29</Filter>
    </ClCompile>
    <ClCompile Include="..\..\src\test\Test4 (VertexBuffer)\Test4VertexBuffer.cpp">
      <Filter>Test4 %28VertexBuffer%29</Filter>
    </ClCompile>
    <ClCompile Include="..\..\src\test\Test5 (IndexBuffer)\Test5IndexBuffer.cpp">
      <Filter>Test5 %28IndexBuffer%29</Filter>
    </ClCompile>
    <ClCompile Include="..\..\src\test\Test6 (Camera)\Test6Camera.cpp">
      <Filter>Test6 %28Camera%29</Filter>
    </ClCompile>
    <ClCompile Include="..\..\src\test\Test7 (Model)\Test7Model.cpp">
      <Filter>Test7 %28Model%29</Filter>
    </ClCompile>
    <ClCompile Include="..\..\src\test\Test8 (Content)\Test8Content.cpp">
      <Filter>Test8 %28Content%29</Filter>
    </ClCompile>
  </ItemGroup>
  <ItemGroup>
    <Filter Include="Test1 %28Window%29">
      <UniqueIdentifier>{594de15d-5346-4cbd-a6f2-0a4ceb64b3d0}</UniqueIdentifier>
    </Filter>
    <Filter Include="Test2 %28Input%29">
      <UniqueIdentifier>{e4078f77-7a00-443d-91ae-0c53187690bb}</UniqueIdentifier>
    </Filter>
    <Filter Include="Test3 %28GraphicsDevice%29">
      <UniqueIdentifier>{15077bec-85a0-4f82-b189-6cdfc56f99b2}</UniqueIdentifier>
    </Filter>
    <Filter Include="Test4 %28VertexBuffer%29">
      <UniqueIdentifier>{65075d58-a53b-44e3-8be9-2fbad14f66eb}</UniqueIdentifier>
    </Filter>
    <Filter Include="Test5 %28IndexBuffer%29">
      <UniqueIdentifier>{d9f47fcf-6e83-4e23-bede-5e81ca091fa7}</UniqueIdentifier>
    </Filter>
    <Filter Include="Test6 %28Camera%29">
      <UniqueIdentifier>{bb459bce-83be-44f3-b908-7b60828c60a1}</UniqueIdentifier>
    </Filter>
    <Filter Include="Test7 %28Model%29">
      <UniqueIdentifier>{67d46d0f-926d-48f7-bc53-100b2351821d}</UniqueIdentifier>
    </Filter>
    <Filter Include="Test8 %28Content%29">
      <UniqueIdentifier>{54b9952d-657e-4c68-bb8c-6507b15dda40}</UniqueIdentifier>
    </Filter>
  </ItemGroup>
  <ItemGroup>
    <ClInclude Include="..\..\src\test\Test1 (Window)\Test1Window.h">
      <Filter>Test1 %28Window%29</Filter>
    </ClInclude>
    <ClInclude Include="..\..\src\test\Test2 (Input)\Test2Input.h">
      <Filter>Test2 %28Input%29</Filter>
    </ClInclude>
    <ClInclude Include="..\..\src\test\ITest.h" />
    <ClInclude Include="..\..\src\test\Test3 (GraphicsDevice)\Test3GraphicsDevice.h">
      <Filter>Test3 %28GraphicsDevice%29</Filter>
    </ClInclude>
    <ClInclude Include="..\..\src\test\Test4 (VertexBuffer)\Test4VertexBuffer.h">
      <Filter>Test4 %28VertexBuffer%29</Filter>
    </ClInclude>
    <ClInclude Include="..\..\src\test\Test5 (IndexBuffer)\Test5IndexBuffer.h">
      <Filter>Test5 %28IndexBuffer%29</Filter>
    </ClInclude>
    <ClInclude Include="..\..\src\test\Test6 (Camera)\Test6Camera.h">
      <Filter>Test6 %28Camera%29</Filter>
    </ClInclude>
    <ClInclude Include="..\..\src\test\Test7 (Model)\Test7Model.h">
      <Filter>Test7 %28Model%29</Filter>
    </ClInclude>
    <ClInclude Include="..\..\src\test\Test8 (Content)\Test8Content.h">
      <Filter>Test8 %28Content%29</Filter>
    </ClInclude>
  </ItemGroup>
</Project>