<?xml version="1.0" encoding="utf-8"?>
<Project ToolsVersion="4.0" xmlns="http://schemas.microsoft.com/developer/msbuild/2003">
  <ItemGroup>
    <Filter Include="window">
      <UniqueIdentifier>{773d9f40-4500-4814-a2f2-649b9c14e079}</UniqueIdentifier>
    </Filter>
    <Filter Include="window\monitor">
      <UniqueIdentifier>{ddce9935-bbb2-4123-8fdf-ade378488f4d}</UniqueIdentifier>
    </Filter>
    <Filter Include="platform">
      <UniqueIdentifier>{6df9f193-7e26-43fd-ac94-23255c7529cd}</UniqueIdentifier>
    </Filter>
    <Filter Include="window\manager">
      <UniqueIdentifier>{d00b9c61-ec93-4e2b-8277-1b1bf96c8b5e}</UniqueIdentifier>
    </Filter>
    <Filter Include="window\monitor\manager">
      <UniqueIdentifier>{67928ed3-64b7-4f52-a171-a2b9273bfd05}</UniqueIdentifier>
    </Filter>
    <Filter Include="input">
      <UniqueIdentifier>{f94b6519-d676-4596-8863-9537f1c8a695}</UniqueIdentifier>
    </Filter>
    <Filter Include="input\keyboard">
      <UniqueIdentifier>{221a8fe7-622e-4677-add3-28bafa68ca31}</UniqueIdentifier>
    </Filter>
    <Filter Include="input\mouse">
      <UniqueIdentifier>{5a01799c-7f36-44de-8f22-3cfda1d5ef05}</UniqueIdentifier>
    </Filter>
    <Filter Include="content">
      <UniqueIdentifier>{46c8c254-4e31-4d18-ad31-0269b2571982}</UniqueIdentifier>
    </Filter>
    <Filter Include="graphics">
      <UniqueIdentifier>{d48950ff-287a-48a3-9985-256e3d94f912}</UniqueIdentifier>
    </Filter>
    <Filter Include="graphics\buffer">
      <UniqueIdentifier>{6c9ee7cb-3611-4895-877e-4a06256ec13e}</UniqueIdentifier>
    </Filter>
  </ItemGroup>
  <ItemGroup>
    <ClInclude Include="..\..\src\window\IWindow.h">
      <Filter>window</Filter>
    </ClInclude>
    <ClInclude Include="..\..\src\platform\platform.h">
      <Filter>platform</Filter>
    </ClInclude>
    <ClInclude Include="..\..\src\window\Win32Window.h">
      <Filter>window</Filter>
    </ClInclude>
    <ClInclude Include="..\..\src\window\monitor\manager\IMonitorManager.h">
      <Filter>window\monitor\manager</Filter>
    </ClInclude>
    <ClInclude Include="..\..\src\window\monitor\manager\Win32MonitorManager.h">
      <Filter>window\monitor\manager</Filter>
    </ClInclude>
    <ClInclude Include="..\..\src\window\monitor\manager\MonitorManager.h">
      <Filter>window\monitor\manager</Filter>
    </ClInclude>
    <ClInclude Include="..\..\src\window\monitor\Monitor.h">
      <Filter>window\monitor</Filter>
    </ClInclude>
    <ClInclude Include="..\..\src\window\manager\IWindowManager.h">
      <Filter>window\manager</Filter>
    </ClInclude>
    <ClInclude Include="..\..\src\window\manager\Win32WindowManager.h">
      <Filter>window\manager</Filter>
    </ClInclude>
    <ClInclude Include="..\..\src\window\manager\WindowManager.h">
      <Filter>window\manager</Filter>
    </ClInclude>
    <ClInclude Include="..\..\src\input\keyboard\Keyboard.h">
      <Filter>input\keyboard</Filter>
    </ClInclude>
    <ClInclude Include="..\..\src\input\keyboard\KeyboardState.h">
      <Filter>input\keyboard</Filter>
    </ClInclude>
    <ClInclude Include="..\..\src\input\keyboard\Keys.h">
      <Filter>input\keyboard</Filter>
    </ClInclude>
    <ClInclude Include="..\..\src\input\keyboard\KeyState.h">
      <Filter>input\keyboard</Filter>
    </ClInclude>
    <ClInclude Include="..\..\src\input\mouse\MouseButtons.h">
      <Filter>input\mouse</Filter>
    </ClInclude>
    <ClInclude Include="..\..\src\input\mouse\MouseState.h">
      <Filter>input\mouse</Filter>
    </ClInclude>
    <ClInclude Include="..\..\src\input\mouse\Mouse.h">
      <Filter>input\mouse</Filter>
    </ClInclude>
    <ClInclude Include="..\..\src\graphics\buffer\BufferUsage.h">
      <Filter>graphics\buffer</Filter>
    </ClInclude>
    <ClInclude Include="..\..\src\graphics\buffer\DirectX11VertexBuffer.h">
      <Filter>graphics\buffer</Filter>
    </ClInclude>
    <ClInclude Include="..\..\src\graphics\buffer\IVertexBuffer.h">
      <Filter>graphics\buffer</Filter>
    </ClInclude>
    <ClInclude Include="..\..\src\graphics\buffer\IVertexDeclaration.h">
      <Filter>graphics\buffer</Filter>
    </ClInclude>
    <ClInclude Include="..\..\src\graphics\buffer\IVertexElement.h">
      <Filter>graphics\buffer</Filter>
    </ClInclude>
    <ClInclude Include="..\..\src\graphics\buffer\VertexElementFormat.h">
      <Filter>graphics\buffer</Filter>
    </ClInclude>
    <ClInclude Include="..\..\src\graphics\buffer\VertextElementUsage.h">
      <Filter>graphics\buffer</Filter>
    </ClInclude>
    <ClInclude Include="..\..\src\graphics\buffer\VertexBuffer.h">
      <Filter>graphics\buffer</Filter>
    </ClInclude>
    <ClInclude Include="..\..\src\window\Window.h">
      <Filter>window</Filter>
    </ClInclude>
  </ItemGroup>
  <ItemGroup>
    <ClCompile Include="..\..\src\window\monitor\Monitor.cpp">
      <Filter>window\monitor</Filter>
    </ClCompile>
    <ClCompile Include="..\..\src\window\Win32Window.cpp">
      <Filter>window</Filter>
    </ClCompile>
    <ClCompile Include="..\..\src\window\monitor\manager\Win32MonitorManager.cpp">
      <Filter>window\monitor\manager</Filter>
    </ClCompile>
    <ClCompile Include="..\..\src\window\manager\Win32WindowManager.cpp">
      <Filter>window\manager</Filter>
    </ClCompile>
    <ClCompile Include="..\..\src\input\keyboard\Keyboard.cpp">
      <Filter>input\keyboard</Filter>
    </ClCompile>
    <ClCompile Include="..\..\src\input\keyboard\KeyboardState.cpp">
      <Filter>input\keyboard</Filter>
    </ClCompile>
    <ClCompile Include="..\..\src\input\mouse\Mouse.cpp">
      <Filter>input\mouse</Filter>
    </ClCompile>
    <ClCompile Include="..\..\src\input\mouse\MouseState.cpp">
      <Filter>input\mouse</Filter>
    </ClCompile>
  </ItemGroup>
</Project>