<?xml version="1.0" encoding="utf-8"?>
<Project ToolsVersion="4.0" xmlns="http://schemas.microsoft.com/developer/msbuild/2003">
  <ItemGroup>
    <Filter Include="window">
      <UniqueIdentifier>{773d9f40-4500-4814-a2f2-649b9c14e079}</UniqueIdentifier>
    </Filter>
    <Filter Include="window\monitor">
      <UniqueIdentifier>{ddce9935-bbb2-4123-8fdf-ade378488f4d}</UniqueIdentifier>
    </Filter>
    <Filter Include="platform">
      <UniqueIdentifier>{6df9f193-7e26-43fd-ac94-23255c7529cd}</UniqueIdentifier>
    </Filter>
    <Filter Include="window\manager">
      <UniqueIdentifier>{d00b9c61-ec93-4e2b-8277-1b1bf96c8b5e}</UniqueIdentifier>
    </Filter>
    <Filter Include="window\monitor\manager">
      <UniqueIdentifier>{67928ed3-64b7-4f52-a171-a2b9273bfd05}</UniqueIdentifier>
    </Filter>
    <Filter Include="input">
      <UniqueIdentifier>{f94b6519-d676-4596-8863-9537f1c8a695}</UniqueIdentifier>
    </Filter>
    <Filter Include="input\keyboard">
      <UniqueIdentifier>{221a8fe7-622e-4677-add3-28bafa68ca31}</UniqueIdentifier>
    </Filter>
    <Filter Include="input\mouse">
      <UniqueIdentifier>{5a01799c-7f36-44de-8f22-3cfda1d5ef05}</UniqueIdentifier>
    </Filter>
    <Filter Include="content">
      <UniqueIdentifier>{46c8c254-4e31-4d18-ad31-0269b2571982}</UniqueIdentifier>
    </Filter>
    <Filter Include="graphics">
      <UniqueIdentifier>{d48950ff-287a-48a3-9985-256e3d94f912}</UniqueIdentifier>
    </Filter>
    <Filter Include="math">
      <UniqueIdentifier>{ba18d541-ed9c-48ad-ad15-c07e27aac29d}</UniqueIdentifier>
    </Filter>
    <Filter Include="camera">
      <UniqueIdentifier>{7c720985-14ed-4018-a341-1b6b3af7ff8e}</UniqueIdentifier>
    </Filter>
    <Filter Include="graphics\device">
      <UniqueIdentifier>{90d3c52a-ab4a-4786-ba5f-313b5bf5e262}</UniqueIdentifier>
    </Filter>
    <Filter Include="graphics\viewport">
      <UniqueIdentifier>{52b73082-7a2a-44b6-ab44-550366e35c12}</UniqueIdentifier>
    </Filter>
    <Filter Include="graphics\buffer">
      <UniqueIdentifier>{960ca14b-297c-4dc3-883e-73b3bd706620}</UniqueIdentifier>
    </Filter>
    <Filter Include="graphics\shader">
      <UniqueIdentifier>{608fa0dd-be19-4936-b055-e094fa6c3832}</UniqueIdentifier>
    </Filter>
    <Filter Include="graphics\effect">
      <UniqueIdentifier>{b823aa10-aa70-4d94-ad90-8196dc38f468}</UniqueIdentifier>
    </Filter>
    <Filter Include="graphics\effect\BasicEffect">
      <UniqueIdentifier>{dd85ecb9-4a0a-48d8-818f-6202a0950814}</UniqueIdentifier>
    </Filter>
    <Filter Include="graphics\model">
      <UniqueIdentifier>{e037e269-7100-47f8-9d18-b804e9b499b3}</UniqueIdentifier>
    </Filter>
    <Filter Include="graphics\texture">
      <UniqueIdentifier>{7b7da8e6-0fcd-455e-a723-474a61d66ec7}</UniqueIdentifier>
    </Filter>
    <Filter Include="graphics\animation">
      <UniqueIdentifier>{210adbd2-345d-45a8-ba0d-cc66ce39404b}</UniqueIdentifier>
    </Filter>
  </ItemGroup>
  <ItemGroup>
    <ClInclude Include="..\..\src\window\IWindow.h">
      <Filter>window</Filter>
    </ClInclude>
    <ClInclude Include="..\..\src\platform\platform.h">
      <Filter>platform</Filter>
    </ClInclude>
    <ClInclude Include="..\..\src\window\Win32Window.h">
      <Filter>window</Filter>
    </ClInclude>
    <ClInclude Include="..\..\src\window\monitor\manager\IMonitorManager.h">
      <Filter>window\monitor\manager</Filter>
    </ClInclude>
    <ClInclude Include="..\..\src\window\monitor\manager\Win32MonitorManager.h">
      <Filter>window\monitor\manager</Filter>
    </ClInclude>
    <ClInclude Include="..\..\src\window\monitor\manager\MonitorManager.h">
      <Filter>window\monitor\manager</Filter>
    </ClInclude>
    <ClInclude Include="..\..\src\window\monitor\Monitor.h">
      <Filter>window\monitor</Filter>
    </ClInclude>
    <ClInclude Include="..\..\src\window\manager\IWindowManager.h">
      <Filter>window\manager</Filter>
    </ClInclude>
    <ClInclude Include="..\..\src\window\manager\Win32WindowManager.h">
      <Filter>window\manager</Filter>
    </ClInclude>
    <ClInclude Include="..\..\src\window\manager\WindowManager.h">
      <Filter>window\manager</Filter>
    </ClInclude>
    <ClInclude Include="..\..\src\input\keyboard\Keyboard.h">
      <Filter>input\keyboard</Filter>
    </ClInclude>
    <ClInclude Include="..\..\src\input\keyboard\KeyboardState.h">
      <Filter>input\keyboard</Filter>
    </ClInclude>
    <ClInclude Include="..\..\src\input\keyboard\Keys.h">
      <Filter>input\keyboard</Filter>
    </ClInclude>
    <ClInclude Include="..\..\src\input\keyboard\KeyState.h">
      <Filter>input\keyboard</Filter>
    </ClInclude>
    <ClInclude Include="..\..\src\input\mouse\MouseButtons.h">
      <Filter>input\mouse</Filter>
    </ClInclude>
    <ClInclude Include="..\..\src\input\mouse\MouseState.h">
      <Filter>input\mouse</Filter>
    </ClInclude>
    <ClInclude Include="..\..\src\input\mouse\Mouse.h">
      <Filter>input\mouse</Filter>
    </ClInclude>
    <ClInclude Include="..\..\src\window\Window.h">
      <Filter>window</Filter>
    </ClInclude>
    <ClInclude Include="..\..\src\math\Vector3.h">
      <Filter>math</Filter>
    </ClInclude>
    <ClInclude Include="..\..\src\math\Math.h">
      <Filter>math</Filter>
    </ClInclude>
    <ClInclude Include="..\..\src\math\Matrix4.h">
      <Filter>math</Filter>
    </ClInclude>
    <ClInclude Include="..\..\src\math\Vector2.h">
      <Filter>math</Filter>
    </ClInclude>
    <ClInclude Include="..\..\src\math\Vector4.h">
      <Filter>math</Filter>
    </ClInclude>
    <ClInclude Include="..\..\src\camera\Camera.h">
      <Filter>camera</Filter>
    </ClInclude>
    <ClInclude Include="..\..\src\camera\FirstPersonCamera.h">
      <Filter>camera</Filter>
    </ClInclude>
    <ClInclude Include="..\..\src\graphics\viewport\Viewport.h">
      <Filter>graphics\viewport</Filter>
    </ClInclude>
    <ClInclude Include="..\..\src\graphics\device\GraphicsDevice.h">
      <Filter>graphics\device</Filter>
    </ClInclude>
    <ClInclude Include="..\..\src\graphics\buffer\IndexBuffer.h">
      <Filter>graphics\buffer</Filter>
    </ClInclude>
    <ClInclude Include="..\..\src\graphics\buffer\VertexBuffer.h">
      <Filter>graphics\buffer</Filter>
    </ClInclude>
    <ClInclude Include="..\..\src\graphics\buffer\VertexDeclaration.h">
      <Filter>graphics\buffer</Filter>
    </ClInclude>
    <ClInclude Include="..\..\src\graphics\shader\Shader.h">
      <Filter>graphics\shader</Filter>
    </ClInclude>
    <ClInclude Include="..\..\src\graphics\effect\Effect.h">
      <Filter>graphics\effect</Filter>
    </ClInclude>
    <ClInclude Include="..\..\src\graphics\effect\BasicEffect\BasicEffect.h">
      <Filter>graphics\effect\BasicEffect</Filter>
    </ClInclude>
    <ClInclude Include="..\..\src\graphics\model\Model.h">
      <Filter>graphics\model</Filter>
    </ClInclude>
    <ClInclude Include="..\..\src\graphics\model\ModelMesh.h">
      <Filter>graphics\model</Filter>
    </ClInclude>
    <ClInclude Include="..\..\src\content\Content.h">
      <Filter>content</Filter>
    </ClInclude>
    <ClInclude Include="..\..\src\content\ContentLoader.h">
      <Filter>content</Filter>
    </ClInclude>
    <ClInclude Include="..\..\src\content\ModelContentLoader.h">
      <Filter>content</Filter>
    </ClInclude>
    <ClInclude Include="..\..\src\graphics\texture\Texture.h">
      <Filter>graphics\texture</Filter>
    </ClInclude>
    <ClInclude Include="..\..\src\graphics\texture\Texture2D.h">
      <Filter>graphics\texture</Filter>
    </ClInclude>
    <ClInclude Include="..\..\src\graphics\buffer\VertexElement.h">
      <Filter>graphics\buffer</Filter>
    </ClInclude>
    <ClInclude Include="..\..\src\graphics\model\ModelBone.h">
      <Filter>graphics\model</Filter>
    </ClInclude>
    <ClInclude Include="..\..\src\graphics\animation\Animation.h">
      <Filter>graphics\animation</Filter>
    </ClInclude>
    <ClInclude Include="..\..\src\math\Quaternion.h">
      <Filter>math</Filter>
    </ClInclude>
    <ClInclude Include="..\..\src\graphics\animation\Animator.h">
      <Filter>graphics\animation</Filter>
    </ClInclude>
  </ItemGroup>
  <ItemGroup>
    <ClCompile Include="..\..\src\window\monitor\Monitor.cpp">
      <Filter>window\monitor</Filter>
    </ClCompile>
    <ClCompile Include="..\..\src\window\Win32Window.cpp">
      <Filter>window</Filter>
    </ClCompile>
    <ClCompile Include="..\..\src\window\monitor\manager\Win32MonitorManager.cpp">
      <Filter>window\monitor\manager</Filter>
    </ClCompile>
    <ClCompile Include="..\..\src\window\manager\Win32WindowManager.cpp">
      <Filter>window\manager</Filter>
    </ClCompile>
    <ClCompile Include="..\..\src\input\keyboard\Keyboard.cpp">
      <Filter>input\keyboard</Filter>
    </ClCompile>
    <ClCompile Include="..\..\src\input\keyboard\KeyboardState.cpp">
      <Filter>input\keyboard</Filter>
    </ClCompile>
    <ClCompile Include="..\..\src\input\mouse\Mouse.cpp">
      <Filter>input\mouse</Filter>
    </ClCompile>
    <ClCompile Include="..\..\src\input\mouse\MouseState.cpp">
      <Filter>input\mouse</Filter>
    </ClCompile>
    <ClCompile Include="..\..\src\camera\Camera.cpp">
      <Filter>camera</Filter>
    </ClCompile>
    <ClCompile Include="..\..\src\camera\FirstPersonCamera.cpp">
      <Filter>camera</Filter>
    </ClCompile>
    <ClCompile Include="..\..\src\graphics\viewport\Viewport.cpp">
      <Filter>graphics\viewport</Filter>
    </ClCompile>
    <ClCompile Include="..\..\src\graphics\device\GraphicsDevice.cpp">
      <Filter>graphics\device</Filter>
    </ClCompile>
    <ClCompile Include="..\..\src\graphics\buffer\IndexBuffer.cpp">
      <Filter>graphics\buffer</Filter>
    </ClCompile>
    <ClCompile Include="..\..\src\graphics\buffer\VertexBuffer.cpp">
      <Filter>graphics\buffer</Filter>
    </ClCompile>
    <ClCompile Include="..\..\src\graphics\buffer\VertexDeclaration.cpp">
      <Filter>graphics\buffer</Filter>
    </ClCompile>
    <ClCompile Include="..\..\src\graphics\shader\Shader.cpp">
      <Filter>graphics\shader</Filter>
    </ClCompile>
    <ClCompile Include="..\..\src\graphics\effect\Effect.cpp">
      <Filter>graphics\effect</Filter>
    </ClCompile>
    <ClCompile Include="..\..\src\graphics\effect\BasicEffect\BasicEffect.cpp">
      <Filter>graphics\effect\BasicEffect</Filter>
    </ClCompile>
    <ClCompile Include="..\..\src\graphics\model\Model.cpp">
      <Filter>graphics\model</Filter>
    </ClCompile>
    <ClCompile Include="..\..\src\graphics\model\ModelMesh.cpp">
      <Filter>graphics\model</Filter>
    </ClCompile>
    <ClCompile Include="..\..\src\content\ModelContentLoader.cpp">
      <Filter>content</Filter>
    </ClCompile>
    <ClCompile Include="..\..\src\graphics\texture\Texture2D.cpp">
      <Filter>graphics\texture</Filter>
    </ClCompile>
    <ClCompile Include="..\..\src\graphics\model\ModelBone.cpp">
      <Filter>graphics\model</Filter>
    </ClCompile>
    <ClCompile Include="..\..\src\graphics\animation\Animation.cpp">
      <Filter>graphics\animation</Filter>
    </ClCompile>
    <ClCompile Include="..\..\src\graphics\animation\Animator.cpp">
      <Filter>graphics\animation</Filter>
    </ClCompile>
  </ItemGroup>
</Project>